
Microsoft Visual Studio Solution File, Format Version 12.00
# Visual Studio 15
VisualStudioVersion = 15.0.27428.2002
MinimumVisualStudioVersion = 10.0.40219.1
Project("{FAE04EC0-301F-11D3-BF4B-00C04F79EFBC}") = "microbe.Plugins", "microbe.Plugins.csproj", "{21D1B80B-9E5F-3792-DCED-9F2D085D97D3}"
EndProject
Project("{FAE04EC0-301F-11D3-BF4B-00C04F79EFBC}") = "microbe", "microbe.csproj", "{C0BFF35C-A8F9-557F-05D2-0077B373121D}"
EndProject
Project("{FAE04EC0-301F-11D3-BF4B-00C04F79EFBC}") = "microbe.Editor", "microbe.Editor.csproj", "{0D6D6F74-19D5-9969-C250-6D2124CA3206}"
EndProject
Global
	GlobalSection(SolutionConfigurationPlatforms) = preSolution
		Debug|Any CPU = Debug|Any CPU
		Release|Any CPU = Release|Any CPU
	EndGlobalSection
	GlobalSection(ProjectConfigurationPlatforms) = postSolution
		{21D1B80B-9E5F-3792-DCED-9F2D085D97D3}.Debug|Any CPU.ActiveCfg = Debug|Any CPU
		{21D1B80B-9E5F-3792-DCED-9F2D085D97D3}.Debug|Any CPU.Build.0 = Debug|Any CPU
		{21D1B80B-9E5F-3792-DCED-9F2D085D97D3}.Release|Any CPU.ActiveCfg = Release|Any CPU
		{21D1B80B-9E5F-3792-DCED-9F2D085D97D3}.Release|Any CPU.Build.0 = Release|Any CPU
		{C0BFF35C-A8F9-557F-05D2-0077B373121D}.Debug|Any CPU.ActiveCfg = Debug|Any CPU
		{C0BFF35C-A8F9-557F-05D2-0077B373121D}.Debug|Any CPU.Build.0 = Debug|Any CPU
		{C0BFF35C-A8F9-557F-05D2-0077B373121D}.Release|Any CPU.ActiveCfg = Release|Any CPU
		{C0BFF35C-A8F9-557F-05D2-0077B373121D}.Release|Any CPU.Build.0 = Release|Any CPU
		{0D6D6F74-19D5-9969-C250-6D2124CA3206}.Debug|Any CPU.ActiveCfg = Debug|Any CPU
		{0D6D6F74-19D5-9969-C250-6D2124CA3206}.Debug|Any CPU.Build.0 = Debug|Any CPU
		{0D6D6F74-19D5-9969-C250-6D2124CA3206}.Release|Any CPU.ActiveCfg = Release|Any CPU
		{0D6D6F74-19D5-9969-C250-6D2124CA3206}.Release|Any CPU.Build.0 = Release|Any CPU
	EndGlobalSection
	GlobalSection(SolutionProperties) = preSolution
		HideSolutionNode = FALSE
	EndGlobalSection
	GlobalSection(ExtensibilityGlobals) = postSolution
		SolutionGuid = {39F106B1-C18E-4EE9-8C11-3C0C1BBDD166}
	EndGlobalSection
EndGlobal
